// !$*UTF8*$!
{
	archiveVersion = 1;
	classes = {
	};
	objectVersion = 55;
	objects = {

/* Begin PBXBuildFile section */
		7D7415682867191D00F66C08 /* Constants.swift in Sources */ = {isa = PBXBuildFile; fileRef = 7D7415672867191D00F66C08 /* Constants.swift */; };
		7D74156A2867198E00F66C08 /* FooterView.swift in Sources */ = {isa = PBXBuildFile; fileRef = 7D7415692867198E00F66C08 /* FooterView.swift */; };
		7D74156C28671E5500F66C08 /* NavigationBarView.swift in Sources */ = {isa = PBXBuildFile; fileRef = 7D74156B28671E5500F66C08 /* NavigationBarView.swift */; };
		7D74156F286728D800F66C08 /* PlayerModel.swift in Sources */ = {isa = PBXBuildFile; fileRef = 7D74156E286728D800F66C08 /* PlayerModel.swift */; };
		7D7415722867293B00F66C08 /* JsonExt.swift in Sources */ = {isa = PBXBuildFile; fileRef = 7D7415712867293B00F66C08 /* JsonExt.swift */; };
		7D74157428672EA200F66C08 /* FeaturedView.swift in Sources */ = {isa = PBXBuildFile; fileRef = 7D74157328672EA200F66C08 /* FeaturedView.swift */; };
		7D74157A286730C800F66C08 /* category.json in Resources */ = {isa = PBXBuildFile; fileRef = 7D741576286730C700F66C08 /* category.json */; };
		7D74157B286730C800F66C08 /* brand.json in Resources */ = {isa = PBXBuildFile; fileRef = 7D741577286730C800F66C08 /* brand.json */; };
		7D74157C286730C800F66C08 /* player.json in Resources */ = {isa = PBXBuildFile; fileRef = 7D741578286730C800F66C08 /* player.json */; };
		7D74157D286730C800F66C08 /* product.json in Resources */ = {isa = PBXBuildFile; fileRef = 7D741579286730C800F66C08 /* product.json */; };
		7D74157F286736C300F66C08 /* CategoryModel.swift in Sources */ = {isa = PBXBuildFile; fileRef = 7D74157E286736C300F66C08 /* CategoryModel.swift */; };
		7D7415812867379600F66C08 /* CategoryView.swift in Sources */ = {isa = PBXBuildFile; fileRef = 7D7415802867379600F66C08 /* CategoryView.swift */; };
		7D7415852867460100F66C08 /* ProductsView.swift in Sources */ = {isa = PBXBuildFile; fileRef = 7D7415842867460100F66C08 /* ProductsView.swift */; };
		7D7415872867470D00F66C08 /* ProductModel.swift in Sources */ = {isa = PBXBuildFile; fileRef = 7D7415862867470D00F66C08 /* ProductModel.swift */; };
		7D74158928674C0900F66C08 /* BrandsView.swift in Sources */ = {isa = PBXBuildFile; fileRef = 7D74158828674C0900F66C08 /* BrandsView.swift */; };
		7D74158B28674C2300F66C08 /* BrandModel.swift in Sources */ = {isa = PBXBuildFile; fileRef = 7D74158A28674C2300F66C08 /* BrandModel.swift */; };
		7D74158E2867521700F66C08 /* ProductDetail.swift in Sources */ = {isa = PBXBuildFile; fileRef = 7D74158D2867521700F66C08 /* ProductDetail.swift */; };
		7D7415902867533600F66C08 /* DetailNavigationBarView.swift in Sources */ = {isa = PBXBuildFile; fileRef = 7D74158F2867533600F66C08 /* DetailNavigationBarView.swift */; };
		7D7415922867543D00F66C08 /* DetailHeaderView.swift in Sources */ = {isa = PBXBuildFile; fileRef = 7D7415912867543D00F66C08 /* DetailHeaderView.swift */; };
		7D7415942867552100F66C08 /* DetailHeroView.swift in Sources */ = {isa = PBXBuildFile; fileRef = 7D7415932867552100F66C08 /* DetailHeroView.swift */; };
		7D7415962867580B00F66C08 /* CustomShape.swift in Sources */ = {isa = PBXBuildFile; fileRef = 7D7415952867580B00F66C08 /* CustomShape.swift */; };
		7D74159828675A7300F66C08 /* DetailRatingSizeView.swift in Sources */ = {isa = PBXBuildFile; fileRef = 7D74159728675A7300F66C08 /* DetailRatingSizeView.swift */; };
		7D74159A28675D1D00F66C08 /* DetailQuantityFavouriteView.swift in Sources */ = {isa = PBXBuildFile; fileRef = 7D74159928675D1D00F66C08 /* DetailQuantityFavouriteView.swift */; };
		7D74159C28675EE400F66C08 /* DetailAddToCartView.swift in Sources */ = {isa = PBXBuildFile; fileRef = 7D74159B28675EE400F66C08 /* DetailAddToCartView.swift */; };
		7D74159F2867632400F66C08 /* Shop.swift in Sources */ = {isa = PBXBuildFile; fileRef = 7D74159E2867632400F66C08 /* Shop.swift */; };
		7DE385F9286244E90097E396 /* TouchDownApp.swift in Sources */ = {isa = PBXBuildFile; fileRef = 7DE385F8286244E90097E396 /* TouchDownApp.swift */; };
		7DE385FB286244E90097E396 /* ContentView.swift in Sources */ = {isa = PBXBuildFile; fileRef = 7DE385FA286244E90097E396 /* ContentView.swift */; };
		7DE385FD286244EB0097E396 /* Assets.xcassets in Resources */ = {isa = PBXBuildFile; fileRef = 7DE385FC286244EB0097E396 /* Assets.xcassets */; };
		7DE38600286244EB0097E396 /* Preview Assets.xcassets in Resources */ = {isa = PBXBuildFile; fileRef = 7DE385FF286244EB0097E396 /* Preview Assets.xcassets */; };
/* End PBXBuildFile section */

/* Begin PBXFileReference section */
		7D7415672867191D00F66C08 /* Constants.swift */ = {isa = PBXFileReference; lastKnownFileType = sourcecode.swift; path = Constants.swift; sourceTree = "<group>"; };
		7D7415692867198E00F66C08 /* FooterView.swift */ = {isa = PBXFileReference; lastKnownFileType = sourcecode.swift; path = FooterView.swift; sourceTree = "<group>"; };
		7D74156B28671E5500F66C08 /* NavigationBarView.swift */ = {isa = PBXFileReference; lastKnownFileType = sourcecode.swift; path = NavigationBarView.swift; sourceTree = "<group>"; };
		7D74156E286728D800F66C08 /* PlayerModel.swift */ = {isa = PBXFileReference; lastKnownFileType = sourcecode.swift; path = PlayerModel.swift; sourceTree = "<group>"; };
		7D7415712867293B00F66C08 /* JsonExt.swift */ = {isa = PBXFileReference; lastKnownFileType = sourcecode.swift; path = JsonExt.swift; sourceTree = "<group>"; };
		7D74157328672EA200F66C08 /* FeaturedView.swift */ = {isa = PBXFileReference; lastKnownFileType = sourcecode.swift; path = FeaturedView.swift; sourceTree = "<group>"; };
		7D741576286730C700F66C08 /* category.json */ = {isa = PBXFileReference; fileEncoding = 4; lastKnownFileType = text.json; path = category.json; sourceTree = "<group>"; };
		7D741577286730C800F66C08 /* brand.json */ = {isa = PBXFileReference; fileEncoding = 4; lastKnownFileType = text.json; path = brand.json; sourceTree = "<group>"; };
		7D741578286730C800F66C08 /* player.json */ = {isa = PBXFileReference; fileEncoding = 4; lastKnownFileType = text.json; path = player.json; sourceTree = "<group>"; };
		7D741579286730C800F66C08 /* product.json */ = {isa = PBXFileReference; fileEncoding = 4; lastKnownFileType = text.json; path = product.json; sourceTree = "<group>"; };
		7D74157E286736C300F66C08 /* CategoryModel.swift */ = {isa = PBXFileReference; lastKnownFileType = sourcecode.swift; path = CategoryModel.swift; sourceTree = "<group>"; };
		7D7415802867379600F66C08 /* CategoryView.swift */ = {isa = PBXFileReference; lastKnownFileType = sourcecode.swift; path = CategoryView.swift; sourceTree = "<group>"; };
		7D7415842867460100F66C08 /* ProductsView.swift */ = {isa = PBXFileReference; lastKnownFileType = sourcecode.swift; path = ProductsView.swift; sourceTree = "<group>"; };
		7D7415862867470D00F66C08 /* ProductModel.swift */ = {isa = PBXFileReference; lastKnownFileType = sourcecode.swift; path = ProductModel.swift; sourceTree = "<group>"; };
		7D74158828674C0900F66C08 /* BrandsView.swift */ = {isa = PBXFileReference; lastKnownFileType = sourcecode.swift; path = BrandsView.swift; sourceTree = "<group>"; };
		7D74158A28674C2300F66C08 /* BrandModel.swift */ = {isa = PBXFileReference; lastKnownFileType = sourcecode.swift; path = BrandModel.swift; sourceTree = "<group>"; };
		7D74158C286750C200F66C08 /* README.md */ = {isa = PBXFileReference; lastKnownFileType = net.daringfireball.markdown; path = README.md; sourceTree = SOURCE_ROOT; };
		7D74158D2867521700F66C08 /* ProductDetail.swift */ = {isa = PBXFileReference; lastKnownFileType = sourcecode.swift; path = ProductDetail.swift; sourceTree = "<group>"; };
		7D74158F2867533600F66C08 /* DetailNavigationBarView.swift */ = {isa = PBXFileReference; lastKnownFileType = sourcecode.swift; path = DetailNavigationBarView.swift; sourceTree = "<group>"; };
		7D7415912867543D00F66C08 /* DetailHeaderView.swift */ = {isa = PBXFileReference; lastKnownFileType = sourcecode.swift; path = DetailHeaderView.swift; sourceTree = "<group>"; };
		7D7415932867552100F66C08 /* DetailHeroView.swift */ = {isa = PBXFileReference; lastKnownFileType = sourcecode.swift; path = DetailHeroView.swift; sourceTree = "<group>"; };
		7D7415952867580B00F66C08 /* CustomShape.swift */ = {isa = PBXFileReference; lastKnownFileType = sourcecode.swift; path = CustomShape.swift; sourceTree = "<group>"; };
		7D74159728675A7300F66C08 /* DetailRatingSizeView.swift */ = {isa = PBXFileReference; lastKnownFileType = sourcecode.swift; path = DetailRatingSizeView.swift; sourceTree = "<group>"; };
		7D74159928675D1D00F66C08 /* DetailQuantityFavouriteView.swift */ = {isa = PBXFileReference; lastKnownFileType = sourcecode.swift; path = DetailQuantityFavouriteView.swift; sourceTree = "<group>"; };
		7D74159B28675EE400F66C08 /* DetailAddToCartView.swift */ = {isa = PBXFileReference; lastKnownFileType = sourcecode.swift; path = DetailAddToCartView.swift; sourceTree = "<group>"; };
		7D74159E2867632400F66C08 /* Shop.swift */ = {isa = PBXFileReference; lastKnownFileType = sourcecode.swift; path = Shop.swift; sourceTree = "<group>"; };
		7DE385F5286244E90097E396 /* Touch Down.app */ = {isa = PBXFileReference; explicitFileType = wrapper.application; includeInIndex = 0; path = "Touch Down.app"; sourceTree = BUILT_PRODUCTS_DIR; };
		7DE385F8286244E90097E396 /* TouchDownApp.swift */ = {isa = PBXFileReference; lastKnownFileType = sourcecode.swift; path = TouchDownApp.swift; sourceTree = "<group>"; };
		7DE385FA286244E90097E396 /* ContentView.swift */ = {isa = PBXFileReference; lastKnownFileType = sourcecode.swift; path = ContentView.swift; sourceTree = "<group>"; };
		7DE385FC286244EB0097E396 /* Assets.xcassets */ = {isa = PBXFileReference; lastKnownFileType = folder.assetcatalog; path = Assets.xcassets; sourceTree = "<group>"; };
		7DE385FF286244EB0097E396 /* Preview Assets.xcassets */ = {isa = PBXFileReference; lastKnownFileType = folder.assetcatalog; path = "Preview Assets.xcassets"; sourceTree = "<group>"; };
		7DE38608286247200097E396 /* Info.plist */ = {isa = PBXFileReference; lastKnownFileType = text.plist; path = Info.plist; sourceTree = "<group>"; };
/* End PBXFileReference section */

/* Begin PBXFrameworksBuildPhase section */
		7DE385F2286244E90097E396 /* Frameworks */ = {
			isa = PBXFrameworksBuildPhase;
			buildActionMask = 2147483647;
			files = (
			);
			runOnlyForDeploymentPostprocessing = 0;
		};
/* End PBXFrameworksBuildPhase section */

/* Begin PBXGroup section */
		7D741566286718F500F66C08 /* Utils */ = {
			isa = PBXGroup;
			children = (
				7D7415672867191D00F66C08 /* Constants.swift */,
				7D7415952867580B00F66C08 /* CustomShape.swift */,
			);
			path = Utils;
			sourceTree = "<group>";
		};
		7D74156D286728CC00F66C08 /* Model */ = {
			isa = PBXGroup;
			children = (
				7D74156E286728D800F66C08 /* PlayerModel.swift */,
				7D74157E286736C300F66C08 /* CategoryModel.swift */,
				7D7415862867470D00F66C08 /* ProductModel.swift */,
				7D74158A28674C2300F66C08 /* BrandModel.swift */,
			);
			path = Model;
			sourceTree = "<group>";
		};
		7D7415702867292A00F66C08 /* Extension */ = {
			isa = PBXGroup;
			children = (
				7D7415712867293B00F66C08 /* JsonExt.swift */,
			);
			path = Extension;
			sourceTree = "<group>";
		};
		7D741575286730AF00F66C08 /* Data */ = {
			isa = PBXGroup;
			children = (
				7D741577286730C800F66C08 /* brand.json */,
				7D741576286730C700F66C08 /* category.json */,
				7D741578286730C800F66C08 /* player.json */,
				7D741579286730C800F66C08 /* product.json */,
			);
			path = Data;
			sourceTree = "<group>";
		};
		7D74159D2867631900F66C08 /* Controller */ = {
			isa = PBXGroup;
			children = (
				7D74159E2867632400F66C08 /* Shop.swift */,
			);
			path = Controller;
			sourceTree = "<group>";
		};
		7DE385EC286244E90097E396 = {
			isa = PBXGroup;
			children = (
				7DE385F7286244E90097E396 /* TouchDown */,
				7DE385F6286244E90097E396 /* Products */,
			);
			sourceTree = "<group>";
		};
		7DE385F6286244E90097E396 /* Products */ = {
			isa = PBXGroup;
			children = (
				7DE385F5286244E90097E396 /* Touch Down.app */,
			);
			name = Products;
			sourceTree = "<group>";
		};
		7DE385F7286244E90097E396 /* TouchDown */ = {
			isa = PBXGroup;
			children = (
				7D74159D2867631900F66C08 /* Controller */,
				7D741575286730AF00F66C08 /* Data */,
				7D7415702867292A00F66C08 /* Extension */,
				7D74156D286728CC00F66C08 /* Model */,
				7D741566286718F500F66C08 /* Utils */,
				7DE38608286247200097E396 /* Info.plist */,
				7DE3860A286248210097E396 /* Views */,
				7DE386092862480B0097E396 /* App */,
				7DE385FC286244EB0097E396 /* Assets.xcassets */,
				7DE385FE286244EB0097E396 /* Preview Content */,
				7D74158C286750C200F66C08 /* README.md */,
			);
			path = TouchDown;
			sourceTree = "<group>";
		};
		7DE385FE286244EB0097E396 /* Preview Content */ = {
			isa = PBXGroup;
			children = (
				7DE385FF286244EB0097E396 /* Preview Assets.xcassets */,
			);
			path = "Preview Content";
			sourceTree = "<group>";
		};
		7DE386092862480B0097E396 /* App */ = {
			isa = PBXGroup;
			children = (
				7DE385F8286244E90097E396 /* TouchDownApp.swift */,
				7DE385FA286244E90097E396 /* ContentView.swift */,
				7D74158D2867521700F66C08 /* ProductDetail.swift */,
			);
			path = App;
			sourceTree = "<group>";
		};
		7DE3860A286248210097E396 /* Views */ = {
			isa = PBXGroup;
			children = (
				7DE3860C286248310097E396 /* Details */,
				7DE3860B286248290097E396 /* Home */,
			);
			path = Views;
			sourceTree = "<group>";
		};
		7DE3860B286248290097E396 /* Home */ = {
			isa = PBXGroup;
			children = (
				7D7415692867198E00F66C08 /* FooterView.swift */,
				7D74156B28671E5500F66C08 /* NavigationBarView.swift */,
				7D74157328672EA200F66C08 /* FeaturedView.swift */,
				7D7415802867379600F66C08 /* CategoryView.swift */,
				7D7415842867460100F66C08 /* ProductsView.swift */,
				7D74158828674C0900F66C08 /* BrandsView.swift */,
			);
			path = Home;
			sourceTree = "<group>";
		};
		7DE3860C286248310097E396 /* Details */ = {
			isa = PBXGroup;
			children = (
				7D74158F2867533600F66C08 /* DetailNavigationBarView.swift */,
				7D7415912867543D00F66C08 /* DetailHeaderView.swift */,
				7D7415932867552100F66C08 /* DetailHeroView.swift */,
				7D74159728675A7300F66C08 /* DetailRatingSizeView.swift */,
				7D74159928675D1D00F66C08 /* DetailQuantityFavouriteView.swift */,
				7D74159B28675EE400F66C08 /* DetailAddToCartView.swift */,
			);
			path = Details;
			sourceTree = "<group>";
		};
/* End PBXGroup section */

/* Begin PBXNativeTarget section */
		7DE385F4286244E90097E396 /* TouchDown */ = {
			isa = PBXNativeTarget;
			buildConfigurationList = 7DE38603286244EB0097E396 /* Build configuration list for PBXNativeTarget "TouchDown" */;
			buildPhases = (
				7DE385F1286244E90097E396 /* Sources */,
				7DE385F2286244E90097E396 /* Frameworks */,
				7DE385F3286244E90097E396 /* Resources */,
			);
			buildRules = (
			);
			dependencies = (
			);
			name = TouchDown;
			productName = TouchDown;
			productReference = 7DE385F5286244E90097E396 /* Touch Down.app */;
			productType = "com.apple.product-type.application";
		};
/* End PBXNativeTarget section */

/* Begin PBXProject section */
		7DE385ED286244E90097E396 /* Project object */ = {
			isa = PBXProject;
			attributes = {
				BuildIndependentTargetsInParallel = 1;
				LastSwiftUpdateCheck = 1330;
				LastUpgradeCheck = 1330;
				TargetAttributes = {
					7DE385F4286244E90097E396 = {
						CreatedOnToolsVersion = 13.3;
					};
				};
			};
			buildConfigurationList = 7DE385F0286244E90097E396 /* Build configuration list for PBXProject "TouchDown" */;
			compatibilityVersion = "Xcode 13.0";
			developmentRegion = en;
			hasScannedForEncodings = 0;
			knownRegions = (
				en,
				Base,
			);
			mainGroup = 7DE385EC286244E90097E396;
			productRefGroup = 7DE385F6286244E90097E396 /* Products */;
			projectDirPath = "";
			projectRoot = "";
			targets = (
				7DE385F4286244E90097E396 /* TouchDown */,
			);
		};
/* End PBXProject section */

/* Begin PBXResourcesBuildPhase section */
		7DE385F3286244E90097E396 /* Resources */ = {
			isa = PBXResourcesBuildPhase;
			buildActionMask = 2147483647;
			files = (
				7D74157C286730C800F66C08 /* player.json in Resources */,
				7DE38600286244EB0097E396 /* Preview Assets.xcassets in Resources */,
				7D74157B286730C800F66C08 /* brand.json in Resources */,
				7DE385FD286244EB0097E396 /* Assets.xcassets in Resources */,
				7D74157D286730C800F66C08 /* product.json in Resources */,
				7D74157A286730C800F66C08 /* category.json in Resources */,
			);
			runOnlyForDeploymentPostprocessing = 0;
		};
/* End PBXResourcesBuildPhase section */

/* Begin PBXSourcesBuildPhase section */
		7DE385F1286244E90097E396 /* Sources */ = {
			isa = PBXSourcesBuildPhase;
			buildActionMask = 2147483647;
			files = (
				7D74156F286728D800F66C08 /* PlayerModel.swift in Sources */,
				7DE385FB286244E90097E396 /* ContentView.swift in Sources */,
				7D74156A2867198E00F66C08 /* FooterView.swift in Sources */,
				7D74158928674C0900F66C08 /* BrandsView.swift in Sources */,
				7D7415962867580B00F66C08 /* CustomShape.swift in Sources */,
				7D74157428672EA200F66C08 /* FeaturedView.swift in Sources */,
				7D74159A28675D1D00F66C08 /* DetailQuantityFavouriteView.swift in Sources */,
				7D7415942867552100F66C08 /* DetailHeroView.swift in Sources */,
				7D7415922867543D00F66C08 /* DetailHeaderView.swift in Sources */,
				7D7415812867379600F66C08 /* CategoryView.swift in Sources */,
				7DE385F9286244E90097E396 /* TouchDownApp.swift in Sources */,
				7D7415852867460100F66C08 /* ProductsView.swift in Sources */,
				7D74159C28675EE400F66C08 /* DetailAddToCartView.swift in Sources */,
				7D74159828675A7300F66C08 /* DetailRatingSizeView.swift in Sources */,
				7D7415872867470D00F66C08 /* ProductModel.swift in Sources */,
				7D7415682867191D00F66C08 /* Constants.swift in Sources */,
				7D74156C28671E5500F66C08 /* NavigationBarView.swift in Sources */,
				7D7415902867533600F66C08 /* DetailNavigationBarView.swift in Sources */,
				7D74158E2867521700F66C08 /* ProductDetail.swift in Sources */,
				7D74157F286736C300F66C08 /* CategoryModel.swift in Sources */,
				7D7415722867293B00F66C08 /* JsonExt.swift in Sources */,
				7D74159F2867632400F66C08 /* Shop.swift in Sources */,
				7D74158B28674C2300F66C08 /* BrandModel.swift in Sources */,
			);
			runOnlyForDeploymentPostprocessing = 0;
		};
/* End PBXSourcesBuildPhase section */

/* Begin XCBuildConfiguration section */
		7DE38601286244EB0097E396 /* Debug */ = {
			isa = XCBuildConfiguration;
			buildSettings = {
				ALWAYS_SEARCH_USER_PATHS = NO;
				CLANG_ANALYZER_NONNULL = YES;
				CLANG_ANALYZER_NUMBER_OBJECT_CONVERSION = YES_AGGRESSIVE;
				CLANG_CXX_LANGUAGE_STANDARD = "gnu++17";
				CLANG_ENABLE_MODULES = YES;
				CLANG_ENABLE_OBJC_ARC = YES;
				CLANG_ENABLE_OBJC_WEAK = YES;
				CLANG_WARN_BLOCK_CAPTURE_AUTORELEASING = YES;
				CLANG_WARN_BOOL_CONVERSION = YES;
				CLANG_WARN_COMMA = YES;
				CLANG_WARN_CONSTANT_CONVERSION = YES;
				CLANG_WARN_DEPRECATED_OBJC_IMPLEMENTATIONS = YES;
				CLANG_WARN_DIRECT_OBJC_ISA_USAGE = YES_ERROR;
				CLANG_WARN_DOCUMENTATION_COMMENTS = YES;
				CLANG_WARN_EMPTY_BODY = YES;
				CLANG_WARN_ENUM_CONVERSION = YES;
				CLANG_WARN_INFINITE_RECURSION = YES;
				CLANG_WARN_INT_CONVERSION = YES;
				CLANG_WARN_NON_LITERAL_NULL_CONVERSION = YES;
				CLANG_WARN_OBJC_IMPLICIT_RETAIN_SELF = YES;
				CLANG_WARN_OBJC_LITERAL_CONVERSION = YES;
				CLANG_WARN_OBJC_ROOT_CLASS = YES_ERROR;
				CLANG_WARN_QUOTED_INCLUDE_IN_FRAMEWORK_HEADER = YES;
				CLANG_WARN_RANGE_LOOP_ANALYSIS = YES;
				CLANG_WARN_STRICT_PROTOTYPES = YES;
				CLANG_WARN_SUSPICIOUS_MOVE = YES;
				CLANG_WARN_UNGUARDED_AVAILABILITY = YES_AGGRESSIVE;
				CLANG_WARN_UNREACHABLE_CODE = YES;
				CLANG_WARN__DUPLICATE_METHOD_MATCH = YES;
				COPY_PHASE_STRIP = NO;
				DEBUG_INFORMATION_FORMAT = dwarf;
				ENABLE_STRICT_OBJC_MSGSEND = YES;
				ENABLE_TESTABILITY = YES;
				GCC_C_LANGUAGE_STANDARD = gnu11;
				GCC_DYNAMIC_NO_PIC = NO;
				GCC_NO_COMMON_BLOCKS = YES;
				GCC_OPTIMIZATION_LEVEL = 0;
				GCC_PREPROCESSOR_DEFINITIONS = (
					"DEBUG=1",
					"$(inherited)",
				);
				GCC_WARN_64_TO_32_BIT_CONVERSION = YES;
				GCC_WARN_ABOUT_RETURN_TYPE = YES_ERROR;
				GCC_WARN_UNDECLARED_SELECTOR = YES;
				GCC_WARN_UNINITIALIZED_AUTOS = YES_AGGRESSIVE;
				GCC_WARN_UNUSED_FUNCTION = YES;
				GCC_WARN_UNUSED_VARIABLE = YES;
				IPHONEOS_DEPLOYMENT_TARGET = 15.4;
				MTL_ENABLE_DEBUG_INFO = INCLUDE_SOURCE;
				MTL_FAST_MATH = YES;
				ONLY_ACTIVE_ARCH = YES;
				SDKROOT = iphoneos;
				SWIFT_ACTIVE_COMPILATION_CONDITIONS = DEBUG;
				SWIFT_OPTIMIZATION_LEVEL = "-Onone";
			};
			name = Debug;
		};
		7DE38602286244EB0097E396 /* Release */ = {
			isa = XCBuildConfiguration;
			buildSettings = {
				ALWAYS_SEARCH_USER_PATHS = NO;
				CLANG_ANALYZER_NONNULL = YES;
				CLANG_ANALYZER_NUMBER_OBJECT_CONVERSION = YES_AGGRESSIVE;
				CLANG_CXX_LANGUAGE_STANDARD = "gnu++17";
				CLANG_ENABLE_MODULES = YES;
				CLANG_ENABLE_OBJC_ARC = YES;
				CLANG_ENABLE_OBJC_WEAK = YES;
				CLANG_WARN_BLOCK_CAPTURE_AUTORELEASING = YES;
				CLANG_WARN_BOOL_CONVERSION = YES;
				CLANG_WARN_COMMA = YES;
				CLANG_WARN_CONSTANT_CONVERSION = YES;
				CLANG_WARN_DEPRECATED_OBJC_IMPLEMENTATIONS = YES;
				CLANG_WARN_DIRECT_OBJC_ISA_USAGE = YES_ERROR;
				CLANG_WARN_DOCUMENTATION_COMMENTS = YES;
				CLANG_WARN_EMPTY_BODY = YES;
				CLANG_WARN_ENUM_CONVERSION = YES;
				CLANG_WARN_INFINITE_RECURSION = YES;
				CLANG_WARN_INT_CONVERSION = YES;
				CLANG_WARN_NON_LITERAL_NULL_CONVERSION = YES;
				CLANG_WARN_OBJC_IMPLICIT_RETAIN_SELF = YES;
				CLANG_WARN_OBJC_LITERAL_CONVERSION = YES;
				CLANG_WARN_OBJC_ROOT_CLASS = YES_ERROR;
				CLANG_WARN_QUOTED_INCLUDE_IN_FRAMEWORK_HEADER = YES;
				CLANG_WARN_RANGE_LOOP_ANALYSIS = YES;
				CLANG_WARN_STRICT_PROTOTYPES = YES;
				CLANG_WARN_SUSPICIOUS_MOVE = YES;
				CLANG_WARN_UNGUARDED_AVAILABILITY = YES_AGGRESSIVE;
				CLANG_WARN_UNREACHABLE_CODE = YES;
				CLANG_WARN__DUPLICATE_METHOD_MATCH = YES;
				COPY_PHASE_STRIP = NO;
				DEBUG_INFORMATION_FORMAT = "dwarf-with-dsym";
				ENABLE_NS_ASSERTIONS = NO;
				ENABLE_STRICT_OBJC_MSGSEND = YES;
				GCC_C_LANGUAGE_STANDARD = gnu11;
				GCC_NO_COMMON_BLOCKS = YES;
				GCC_WARN_64_TO_32_BIT_CONVERSION = YES;
				GCC_WARN_ABOUT_RETURN_TYPE = YES_ERROR;
				GCC_WARN_UNDECLARED_SELECTOR = YES;
				GCC_WARN_UNINITIALIZED_AUTOS = YES_AGGRESSIVE;
				GCC_WARN_UNUSED_FUNCTION = YES;
				GCC_WARN_UNUSED_VARIABLE = YES;
				IPHONEOS_DEPLOYMENT_TARGET = 15.4;
				MTL_ENABLE_DEBUG_INFO = NO;
				MTL_FAST_MATH = YES;
				SDKROOT = iphoneos;
				SWIFT_COMPILATION_MODE = wholemodule;
				SWIFT_OPTIMIZATION_LEVEL = "-O";
				VALIDATE_PRODUCT = YES;
			};
			name = Release;
		};
		7DE38604286244EB0097E396 /* Debug */ = {
			isa = XCBuildConfiguration;
			buildSettings = {
				ASSETCATALOG_COMPILER_APPICON_NAME = AppIcon;
				ASSETCATALOG_COMPILER_GLOBAL_ACCENT_COLOR_NAME = AccentColor;
				CODE_SIGN_STYLE = Automatic;
				CURRENT_PROJECT_VERSION = 1;
				DEVELOPMENT_ASSET_PATHS = "\"TouchDown/Preview Content\"";
				DEVELOPMENT_TEAM = LA8HRC648H;
				ENABLE_PREVIEWS = YES;
				GENERATE_INFOPLIST_FILE = YES;
				INFOPLIST_FILE = TouchDown/Info.plist;
				INFOPLIST_KEY_CFBundleDisplayName = "Touch Down";
				INFOPLIST_KEY_UIApplicationSceneManifest_Generation = YES;
				INFOPLIST_KEY_UIApplicationSupportsIndirectInputEvents = YES;
				INFOPLIST_KEY_UISupportedInterfaceOrientations = "UIInterfaceOrientationPortrait UIInterfaceOrientationLandscapeLeft UIInterfaceOrientationLandscapeRight";
				INFOPLIST_KEY_UISupportedInterfaceOrientations_iPad = "UIInterfaceOrientationPortrait UIInterfaceOrientationPortraitUpsideDown UIInterfaceOrientationLandscapeLeft UIInterfaceOrientationLandscapeRight";
				INFOPLIST_KEY_UISupportedInterfaceOrientations_iPhone = "UIInterfaceOrientationPortrait UIInterfaceOrientationLandscapeLeft UIInterfaceOrientationLandscapeRight";
				INFOPLIST_KEY_UIUserInterfaceStyle = Light;
				LD_RUNPATH_SEARCH_PATHS = (
					"$(inherited)",
					"@executable_path/Frameworks",
				);
				MARKETING_VERSION = 1.0;
				PRODUCT_BUNDLE_IDENTIFIER = com.dotsehyde.TouchDown;
				PRODUCT_NAME = "Touch Down";
				SWIFT_EMIT_LOC_STRINGS = YES;
				SWIFT_VERSION = 5.0;
				TARGETED_DEVICE_FAMILY = "1,2";
			};
			name = Debug;
		};
		7DE38605286244EB0097E396 /* Release */ = {
			isa = XCBuildConfiguration;
			buildSettings = {
				ASSETCATALOG_COMPILER_APPICON_NAME = AppIcon;
				ASSETCATALOG_COMPILER_GLOBAL_ACCENT_COLOR_NAME = AccentColor;
				CODE_SIGN_STYLE = Automatic;
				CURRENT_PROJECT_VERSION = 1;
				DEVELOPMENT_ASSET_PATHS = "\"TouchDown/Preview Content\"";
				DEVELOPMENT_TEAM = LA8HRC648H;
				ENABLE_PREVIEWS = YES;
				GENERATE_INFOPLIST_FILE = YES;
				INFOPLIST_FILE = TouchDown/Info.plist;
				INFOPLIST_KEY_CFBundleDisplayName = "Touch Down";
				INFOPLIST_KEY_UIApplicationSceneManifest_Generation = YES;
				INFOPLIST_KEY_UIApplicationSupportsIndirectInputEvents = YES;
				INFOPLIST_KEY_UISupportedInterfaceOrientations = "UIInterfaceOrientationPortrait UIInterfaceOrientationLandscapeLeft UIInterfaceOrientationLandscapeRight";
				INFOPLIST_KEY_UISupportedInterfaceOrientations_iPad = "UIInterfaceOrientationPortrait UIInterfaceOrientationPortraitUpsideDown UIInterfaceOrientationLandscapeLeft UIInterfaceOrientationLandscapeRight";
				INFOPLIST_KEY_UISupportedInterfaceOrientations_iPhone = "UIInterfaceOrientationPortrait UIInterfaceOrientationLandscapeLeft UIInterfaceOrientationLandscapeRight";
				INFOPLIST_KEY_UIUserInterfaceStyle = Light;
				LD_RUNPATH_SEARCH_PATHS = (
					"$(inherited)",
					"@executable_path/Frameworks",
				);
				MARKETING_VERSION = 1.0;
				PRODUCT_BUNDLE_IDENTIFIER = com.dotsehyde.TouchDown;
				PRODUCT_NAME = "Touch Down";
				SWIFT_EMIT_LOC_STRINGS = YES;
				SWIFT_VERSION = 5.0;
				TARGETED_DEVICE_FAMILY = "1,2";
			};
			name = Release;
		};
/* End XCBuildConfiguration section */

/* Begin XCConfigurationList section */
		7DE385F0286244E90097E396 /* Build configuration list for PBXProject "TouchDown" */ = {
			isa = XCConfigurationList;
			buildConfigurations = (
				7DE38601286244EB0097E396 /* Debug */,
				7DE38602286244EB0097E396 /* Release */,
			);
			defaultConfigurationIsVisible = 0;
			defaultConfigurationName = Release;
		};
		7DE38603286244EB0097E396 /* Build configuration list for PBXNativeTarget "TouchDown" */ = {
			isa = XCConfigurationList;
			buildConfigurations = (
				7DE38604286244EB0097E396 /* Debug */,
				7DE38605286244EB0097E396 /* Release */,
			);
			defaultConfigurationIsVisible = 0;
			defaultConfigurationName = Release;
		};
/* End XCConfigurationList section */
	};
	rootObject = 7DE385ED286244E90097E396 /* Project object */;
}
